<Solution>
    <Folder Name="/docs/">
        <File Path="LICENSE"/>
        <File Path="README.md"/>
    </Folder>
    <Project Path="HackingStudio.Annotations\HackingStudio.Annotations.csproj" Type="Classic C#"/>
    <Project Path="HackingStudio.Core/HackingStudio.Core.csproj"/>
    <Project Path="HackingStudio\HackingStudio.csproj"/>
</Solution>